
Microsoft Visual Studio Solution File, Format Version 11.00
# Visual Studio 2010
Project("{FAE04EC0-301F-11D3-BF4B-00C04F79EFBC}") = "Assembly-CSharp", "Assembly-CSharp.csproj", "{753c16e1-a7d7-4cc0-c751-c11e0eb264ac}"
EndProject
Project("{FAE04EC0-301F-11D3-BF4B-00C04F79EFBC}") = "Assembly-CSharp-Editor", "Assembly-CSharp-Editor.csproj", "{cf304c45-f967-2639-115b-10269b161a4c}"
EndProject
Global
	GlobalSection(SolutionConfigurationPlatforms) = preSolution
		Debug|Any CPU = Debug|Any CPU
	EndGlobalSection
	GlobalSection(ProjectConfigurationPlatforms) = postSolution
		{753c16e1-a7d7-4cc0-c751-c11e0eb264ac}.Debug|Any CPU.ActiveCfg = Debug|Any CPU
		{753c16e1-a7d7-4cc0-c751-c11e0eb264ac}.Debug|Any CPU.Build.0 = Debug|Any CPU
		{cf304c45-f967-2639-115b-10269b161a4c}.Debug|Any CPU.ActiveCfg = Debug|Any CPU
		{cf304c45-f967-2639-115b-10269b161a4c}.Debug|Any CPU.Build.0 = Debug|Any CPU
	EndGlobalSection
	GlobalSection(SolutionProperties) = preSolution
		HideSolutionNode = FALSE
	EndGlobalSection
EndGlobal
